// !$*UTF8*$!
{
	archiveVersion = 1;
	classes = {
	};
	objectVersion = 56;
	objects = {

/* Begin PBXBuildFile section */
		2C38DF962B4C5D1400522885 /* ShoppingCalculatorApp.swift in Sources */ = {isa = PBXBuildFile; fileRef = 2C38DF952B4C5D1400522885 /* ShoppingCalculatorApp.swift */; };
		2C38DF982B4C5D1400522885 /* ContentView.swift in Sources */ = {isa = PBXBuildFile; fileRef = 2C38DF972B4C5D1400522885 /* ContentView.swift */; };
		2C38DF9A2B4C5D1500522885 /* Assets.xcassets in Resources */ = {isa = PBXBuildFile; fileRef = 2C38DF992B4C5D1500522885 /* Assets.xcassets */; };
		2C38DF9D2B4C5D1500522885 /* Preview Assets.xcassets in Resources */ = {isa = PBXBuildFile; fileRef = 2C38DF9C2B4C5D1500522885 /* Preview Assets.xcassets */; };
		2C49FD172B50A78C006FB0AF /* KeyboardCalculatorViewModel.swift in Sources */ = {isa = PBXBuildFile; fileRef = 2C49FD162B50A78C006FB0AF /* KeyboardCalculatorViewModel.swift */; };
		2CA5684A2B4DD9B200A6B20A /* Constants.swift in Sources */ = {isa = PBXBuildFile; fileRef = 2CA568492B4DD9B200A6B20A /* Constants.swift */; };
		2CA5684C2B4DDB7400A6B20A /* ButtonView.swift in Sources */ = {isa = PBXBuildFile; fileRef = 2CA5684B2B4DDB7400A6B20A /* ButtonView.swift */; };
		2CA5684E2B4F35F700A6B20A /* KeyboardCalculatorView.swift in Sources */ = {isa = PBXBuildFile; fileRef = 2CA5684D2B4F35F700A6B20A /* KeyboardCalculatorView.swift */; };
		2CA568502B4F364B00A6B20A /* ButtonModel.swift in Sources */ = {isa = PBXBuildFile; fileRef = 2CA5684F2B4F364B00A6B20A /* ButtonModel.swift */; };
		2CA568522B4F368600A6B20A /* Helper.swift in Sources */ = {isa = PBXBuildFile; fileRef = 2CA568512B4F368600A6B20A /* Helper.swift */; };
		2CA568542B4F374900A6B20A /* ResultScreenView.swift in Sources */ = {isa = PBXBuildFile; fileRef = 2CA568532B4F374900A6B20A /* ResultScreenView.swift */; };
/* End PBXBuildFile section */

/* Begin PBXFileReference section */
		2C38DF922B4C5D1400522885 /* ShoppingCalculator.app */ = {isa = PBXFileReference; explicitFileType = wrapper.application; includeInIndex = 0; path = ShoppingCalculator.app; sourceTree = BUILT_PRODUCTS_DIR; };
		2C38DF952B4C5D1400522885 /* ShoppingCalculatorApp.swift */ = {isa = PBXFileReference; lastKnownFileType = sourcecode.swift; path = ShoppingCalculatorApp.swift; sourceTree = "<group>"; };
		2C38DF972B4C5D1400522885 /* ContentView.swift */ = {isa = PBXFileReference; lastKnownFileType = sourcecode.swift; path = ContentView.swift; sourceTree = "<group>"; };
		2C38DF992B4C5D1500522885 /* Assets.xcassets */ = {isa = PBXFileReference; lastKnownFileType = folder.assetcatalog; path = Assets.xcassets; sourceTree = "<group>"; };
		2C38DF9C2B4C5D1500522885 /* Preview Assets.xcassets */ = {isa = PBXFileReference; lastKnownFileType = folder.assetcatalog; path = "Preview Assets.xcassets"; sourceTree = "<group>"; };
		2C49FD162B50A78C006FB0AF /* KeyboardCalculatorViewModel.swift */ = {isa = PBXFileReference; lastKnownFileType = sourcecode.swift; path = KeyboardCalculatorViewModel.swift; sourceTree = "<group>"; };
		2CA568492B4DD9B200A6B20A /* Constants.swift */ = {isa = PBXFileReference; lastKnownFileType = sourcecode.swift; path = Constants.swift; sourceTree = "<group>"; };
		2CA5684B2B4DDB7400A6B20A /* ButtonView.swift */ = {isa = PBXFileReference; lastKnownFileType = sourcecode.swift; path = ButtonView.swift; sourceTree = "<group>"; };
		2CA5684D2B4F35F700A6B20A /* KeyboardCalculatorView.swift */ = {isa = PBXFileReference; lastKnownFileType = sourcecode.swift; path = KeyboardCalculatorView.swift; sourceTree = "<group>"; };
		2CA5684F2B4F364B00A6B20A /* ButtonModel.swift */ = {isa = PBXFileReference; lastKnownFileType = sourcecode.swift; path = ButtonModel.swift; sourceTree = "<group>"; };
		2CA568512B4F368600A6B20A /* Helper.swift */ = {isa = PBXFileReference; lastKnownFileType = sourcecode.swift; path = Helper.swift; sourceTree = "<group>"; };
		2CA568532B4F374900A6B20A /* ResultScreenView.swift */ = {isa = PBXFileReference; lastKnownFileType = sourcecode.swift; path = ResultScreenView.swift; sourceTree = "<group>"; };
/* End PBXFileReference section */

/* Begin PBXFrameworksBuildPhase section */
		2C38DF8F2B4C5D1300522885 /* Frameworks */ = {
			isa = PBXFrameworksBuildPhase;
			buildActionMask = 2147483647;
			files = (
			);
			runOnlyForDeploymentPostprocessing = 0;
		};
/* End PBXFrameworksBuildPhase section */

/* Begin PBXGroup section */
		2C38DF892B4C5D1300522885 = {
			isa = PBXGroup;
			children = (
				2C38DF942B4C5D1400522885 /* ShoppingCalculator */,
				2C38DF932B4C5D1400522885 /* Products */,
			);
			sourceTree = "<group>";
		};
		2C38DF932B4C5D1400522885 /* Products */ = {
			isa = PBXGroup;
			children = (
				2C38DF922B4C5D1400522885 /* ShoppingCalculator.app */,
			);
			name = Products;
			sourceTree = "<group>";
		};
		2C38DF942B4C5D1400522885 /* ShoppingCalculator */ = {
			isa = PBXGroup;
			children = (
				2CA568472B4DD8BE00A6B20A /* Model */,
				2CA568462B4DD8AE00A6B20A /* ViewModel */,
				2CA568442B4DD89B00A6B20A /* View */,
				2C38DF952B4C5D1400522885 /* ShoppingCalculatorApp.swift */,
				2C38DF992B4C5D1500522885 /* Assets.xcassets */,
				2C38DF9B2B4C5D1500522885 /* Preview Content */,
			);
			path = ShoppingCalculator;
			sourceTree = "<group>";
		};
		2C38DF9B2B4C5D1500522885 /* Preview Content */ = {
			isa = PBXGroup;
			children = (
				2C38DF9C2B4C5D1500522885 /* Preview Assets.xcassets */,
			);
			path = "Preview Content";
			sourceTree = "<group>";
		};
		2CA568442B4DD89B00A6B20A /* View */ = {
			isa = PBXGroup;
			children = (
				2C38DF972B4C5D1400522885 /* ContentView.swift */,
				2CA568532B4F374900A6B20A /* ResultScreenView.swift */,
				2CA5684B2B4DDB7400A6B20A /* ButtonView.swift */,
				2CA5684D2B4F35F700A6B20A /* KeyboardCalculatorView.swift */,
			);
			path = View;
			sourceTree = "<group>";
		};
		2CA568462B4DD8AE00A6B20A /* ViewModel */ = {
			isa = PBXGroup;
			children = (
				2CA568512B4F368600A6B20A /* Helper.swift */,
				2C49FD162B50A78C006FB0AF /* KeyboardCalculatorViewModel.swift */,
			);
			path = ViewModel;
			sourceTree = "<group>";
		};
		2CA568472B4DD8BE00A6B20A /* Model */ = {
			isa = PBXGroup;
			children = (
				2CA568482B4DD9A000A6B20A /* Utils */,
				2CA5684F2B4F364B00A6B20A /* ButtonModel.swift */,
			);
			path = Model;
			sourceTree = "<group>";
		};
		2CA568482B4DD9A000A6B20A /* Utils */ = {
			isa = PBXGroup;
			children = (
				2CA568492B4DD9B200A6B20A /* Constants.swift */,
			);
			path = Utils;
			sourceTree = "<group>";
		};
/* End PBXGroup section */

/* Begin PBXNativeTarget section */
		2C38DF912B4C5D1300522885 /* ShoppingCalculator */ = {
			isa = PBXNativeTarget;
			buildConfigurationList = 2C38DFA02B4C5D1500522885 /* Build configuration list for PBXNativeTarget "ShoppingCalculator" */;
			buildPhases = (
				2C38DF8E2B4C5D1300522885 /* Sources */,
				2C38DF8F2B4C5D1300522885 /* Frameworks */,
				2C38DF902B4C5D1300522885 /* Resources */,
			);
			buildRules = (
			);
			dependencies = (
			);
			name = ShoppingCalculator;
			productName = ShoppingCalculator;
			productReference = 2C38DF922B4C5D1400522885 /* ShoppingCalculator.app */;
			productType = "com.apple.product-type.application";
		};
/* End PBXNativeTarget section */

/* Begin PBXProject section */
		2C38DF8A2B4C5D1300522885 /* Project object */ = {
			isa = PBXProject;
			attributes = {
				BuildIndependentTargetsInParallel = 1;
				LastSwiftUpdateCheck = 1430;
				LastUpgradeCheck = 1430;
				TargetAttributes = {
					2C38DF912B4C5D1300522885 = {
						CreatedOnToolsVersion = 14.3.1;
					};
				};
			};
			buildConfigurationList = 2C38DF8D2B4C5D1300522885 /* Build configuration list for PBXProject "ShoppingCalculator" */;
			compatibilityVersion = "Xcode 14.0";
			developmentRegion = en;
			hasScannedForEncodings = 0;
			knownRegions = (
				en,
				Base,
			);
			mainGroup = 2C38DF892B4C5D1300522885;
			productRefGroup = 2C38DF932B4C5D1400522885 /* Products */;
			projectDirPath = "";
			projectRoot = "";
			targets = (
				2C38DF912B4C5D1300522885 /* ShoppingCalculator */,
			);
		};
/* End PBXProject section */

/* Begin PBXResourcesBuildPhase section */
		2C38DF902B4C5D1300522885 /* Resources */ = {
			isa = PBXResourcesBuildPhase;
			buildActionMask = 2147483647;
			files = (
				2C38DF9D2B4C5D1500522885 /* Preview Assets.xcassets in Resources */,
				2C38DF9A2B4C5D1500522885 /* Assets.xcassets in Resources */,
			);
			runOnlyForDeploymentPostprocessing = 0;
		};
/* End PBXResourcesBuildPhase section */

/* Begin PBXSourcesBuildPhase section */
		2C38DF8E2B4C5D1300522885 /* Sources */ = {
			isa = PBXSourcesBuildPhase;
			buildActionMask = 2147483647;
			files = (
				2CA5684E2B4F35F700A6B20A /* KeyboardCalculatorView.swift in Sources */,
				2CA568522B4F368600A6B20A /* Helper.swift in Sources */,
				2C38DF982B4C5D1400522885 /* ContentView.swift in Sources */,
				2C49FD172B50A78C006FB0AF /* KeyboardCalculatorViewModel.swift in Sources */,
				2CA568542B4F374900A6B20A /* ResultScreenView.swift in Sources */,
				2C38DF962B4C5D1400522885 /* ShoppingCalculatorApp.swift in Sources */,
				2CA5684C2B4DDB7400A6B20A /* ButtonView.swift in Sources */,
				2CA5684A2B4DD9B200A6B20A /* Constants.swift in Sources */,
				2CA568502B4F364B00A6B20A /* ButtonModel.swift in Sources */,
			);
			runOnlyForDeploymentPostprocessing = 0;
		};
/* End PBXSourcesBuildPhase section */

/* Begin XCBuildConfiguration section */
		2C38DF9E2B4C5D1500522885 /* Debug */ = {
			isa = XCBuildConfiguration;
			buildSettings = {
				ALWAYS_SEARCH_USER_PATHS = NO;
				CLANG_ANALYZER_NONNULL = YES;
				CLANG_ANALYZER_NUMBER_OBJECT_CONVERSION = YES_AGGRESSIVE;
				CLANG_CXX_LANGUAGE_STANDARD = "gnu++20";
				CLANG_ENABLE_MODULES = YES;
				CLANG_ENABLE_OBJC_ARC = YES;
				CLANG_ENABLE_OBJC_WEAK = YES;
				CLANG_WARN_BLOCK_CAPTURE_AUTORELEASING = YES;
				CLANG_WARN_BOOL_CONVERSION = YES;
				CLANG_WARN_COMMA = YES;
				CLANG_WARN_CONSTANT_CONVERSION = YES;
				CLANG_WARN_DEPRECATED_OBJC_IMPLEMENTATIONS = YES;
				CLANG_WARN_DIRECT_OBJC_ISA_USAGE = YES_ERROR;
				CLANG_WARN_DOCUMENTATION_COMMENTS = YES;
				CLANG_WARN_EMPTY_BODY = YES;
				CLANG_WARN_ENUM_CONVERSION = YES;
				CLANG_WARN_INFINITE_RECURSION = YES;
				CLANG_WARN_INT_CONVERSION = YES;
				CLANG_WARN_NON_LITERAL_NULL_CONVERSION = YES;
				CLANG_WARN_OBJC_IMPLICIT_RETAIN_SELF = YES;
				CLANG_WARN_OBJC_LITERAL_CONVERSION = YES;
				CLANG_WARN_OBJC_ROOT_CLASS = YES_ERROR;
				CLANG_WARN_QUOTED_INCLUDE_IN_FRAMEWORK_HEADER = YES;
				CLANG_WARN_RANGE_LOOP_ANALYSIS = YES;
				CLANG_WARN_STRICT_PROTOTYPES = YES;
				CLANG_WARN_SUSPICIOUS_MOVE = YES;
				CLANG_WARN_UNGUARDED_AVAILABILITY = YES_AGGRESSIVE;
				CLANG_WARN_UNREACHABLE_CODE = YES;
				CLANG_WARN__DUPLICATE_METHOD_MATCH = YES;
				COPY_PHASE_STRIP = NO;
				DEBUG_INFORMATION_FORMAT = dwarf;
				ENABLE_STRICT_OBJC_MSGSEND = YES;
				ENABLE_TESTABILITY = YES;
				GCC_C_LANGUAGE_STANDARD = gnu11;
				GCC_DYNAMIC_NO_PIC = NO;
				GCC_NO_COMMON_BLOCKS = YES;
				GCC_OPTIMIZATION_LEVEL = 0;
				GCC_PREPROCESSOR_DEFINITIONS = (
					"DEBUG=1",
					"$(inherited)",
				);
				GCC_WARN_64_TO_32_BIT_CONVERSION = YES;
				GCC_WARN_ABOUT_RETURN_TYPE = YES_ERROR;
				GCC_WARN_UNDECLARED_SELECTOR = YES;
				GCC_WARN_UNINITIALIZED_AUTOS = YES_AGGRESSIVE;
				GCC_WARN_UNUSED_FUNCTION = YES;
				GCC_WARN_UNUSED_VARIABLE = YES;
				IPHONEOS_DEPLOYMENT_TARGET = 16.4;
				MTL_ENABLE_DEBUG_INFO = INCLUDE_SOURCE;
				MTL_FAST_MATH = YES;
				ONLY_ACTIVE_ARCH = YES;
				SDKROOT = iphoneos;
				SWIFT_ACTIVE_COMPILATION_CONDITIONS = DEBUG;
				SWIFT_OPTIMIZATION_LEVEL = "-Onone";
			};
			name = Debug;
		};
		2C38DF9F2B4C5D1500522885 /* Release */ = {
			isa = XCBuildConfiguration;
			buildSettings = {
				ALWAYS_SEARCH_USER_PATHS = NO;
				CLANG_ANALYZER_NONNULL = YES;
				CLANG_ANALYZER_NUMBER_OBJECT_CONVERSION = YES_AGGRESSIVE;
				CLANG_CXX_LANGUAGE_STANDARD = "gnu++20";
				CLANG_ENABLE_MODULES = YES;
				CLANG_ENABLE_OBJC_ARC = YES;
				CLANG_ENABLE_OBJC_WEAK = YES;
				CLANG_WARN_BLOCK_CAPTURE_AUTORELEASING = YES;
				CLANG_WARN_BOOL_CONVERSION = YES;
				CLANG_WARN_COMMA = YES;
				CLANG_WARN_CONSTANT_CONVERSION = YES;
				CLANG_WARN_DEPRECATED_OBJC_IMPLEMENTATIONS = YES;
				CLANG_WARN_DIRECT_OBJC_ISA_USAGE = YES_ERROR;
				CLANG_WARN_DOCUMENTATION_COMMENTS = YES;
				CLANG_WARN_EMPTY_BODY = YES;
				CLANG_WARN_ENUM_CONVERSION = YES;
				CLANG_WARN_INFINITE_RECURSION = YES;
				CLANG_WARN_INT_CONVERSION = YES;
				CLANG_WARN_NON_LITERAL_NULL_CONVERSION = YES;
				CLANG_WARN_OBJC_IMPLICIT_RETAIN_SELF = YES;
				CLANG_WARN_OBJC_LITERAL_CONVERSION = YES;
				CLANG_WARN_OBJC_ROOT_CLASS = YES_ERROR;
				CLANG_WARN_QUOTED_INCLUDE_IN_FRAMEWORK_HEADER = YES;
				CLANG_WARN_RANGE_LOOP_ANALYSIS = YES;
				CLANG_WARN_STRICT_PROTOTYPES = YES;
				CLANG_WARN_SUSPICIOUS_MOVE = YES;
				CLANG_WARN_UNGUARDED_AVAILABILITY = YES_AGGRESSIVE;
				CLANG_WARN_UNREACHABLE_CODE = YES;
				CLANG_WARN__DUPLICATE_METHOD_MATCH = YES;
				COPY_PHASE_STRIP = NO;
				DEBUG_INFORMATION_FORMAT = "dwarf-with-dsym";
				ENABLE_NS_ASSERTIONS = NO;
				ENABLE_STRICT_OBJC_MSGSEND = YES;
				GCC_C_LANGUAGE_STANDARD = gnu11;
				GCC_NO_COMMON_BLOCKS = YES;
				GCC_WARN_64_TO_32_BIT_CONVERSION = YES;
				GCC_WARN_ABOUT_RETURN_TYPE = YES_ERROR;
				GCC_WARN_UNDECLARED_SELECTOR = YES;
				GCC_WARN_UNINITIALIZED_AUTOS = YES_AGGRESSIVE;
				GCC_WARN_UNUSED_FUNCTION = YES;
				GCC_WARN_UNUSED_VARIABLE = YES;
				IPHONEOS_DEPLOYMENT_TARGET = 16.4;
				MTL_ENABLE_DEBUG_INFO = NO;
				MTL_FAST_MATH = YES;
				SDKROOT = iphoneos;
				SWIFT_COMPILATION_MODE = wholemodule;
				SWIFT_OPTIMIZATION_LEVEL = "-O";
				VALIDATE_PRODUCT = YES;
			};
			name = Release;
		};
		2C38DFA12B4C5D1500522885 /* Debug */ = {
			isa = XCBuildConfiguration;
			buildSettings = {
				ASSETCATALOG_COMPILER_APPICON_NAME = AppIcon;
				ASSETCATALOG_COMPILER_GLOBAL_ACCENT_COLOR_NAME = AccentColor;
				CODE_SIGN_STYLE = Automatic;
				CURRENT_PROJECT_VERSION = 1;
				DEVELOPMENT_ASSET_PATHS = "\"ShoppingCalculator/Preview Content\"";
				DEVELOPMENT_TEAM = 4A49P664P7;
				ENABLE_PREVIEWS = YES;
				GENERATE_INFOPLIST_FILE = YES;
				INFOPLIST_KEY_UIApplicationSceneManifest_Generation = YES;
				INFOPLIST_KEY_UIApplicationSupportsIndirectInputEvents = YES;
				INFOPLIST_KEY_UILaunchScreen_Generation = YES;
				INFOPLIST_KEY_UISupportedInterfaceOrientations_iPad = "UIInterfaceOrientationPortrait UIInterfaceOrientationPortraitUpsideDown UIInterfaceOrientationLandscapeLeft UIInterfaceOrientationLandscapeRight";
				INFOPLIST_KEY_UISupportedInterfaceOrientations_iPhone = "UIInterfaceOrientationPortrait UIInterfaceOrientationLandscapeLeft UIInterfaceOrientationLandscapeRight";
				LD_RUNPATH_SEARCH_PATHS = (
					"$(inherited)",
					"@executable_path/Frameworks",
				);
				MARKETING_VERSION = 1.0;
				PRODUCT_BUNDLE_IDENTIFIER = hss.ShoppingCalculator;
				PRODUCT_NAME = "$(TARGET_NAME)";
				SWIFT_EMIT_LOC_STRINGS = YES;
				SWIFT_VERSION = 5.0;
				TARGETED_DEVICE_FAMILY = "1,2";
			};
			name = Debug;
		};
		2C38DFA22B4C5D1500522885 /* Release */ = {
			isa = XCBuildConfiguration;
			buildSettings = {
				ASSETCATALOG_COMPILER_APPICON_NAME = AppIcon;
				ASSETCATALOG_COMPILER_GLOBAL_ACCENT_COLOR_NAME = AccentColor;
				CODE_SIGN_STYLE = Automatic;
				CURRENT_PROJECT_VERSION = 1;
				DEVELOPMENT_ASSET_PATHS = "\"ShoppingCalculator/Preview Content\"";
				DEVELOPMENT_TEAM = 4A49P664P7;
				ENABLE_PREVIEWS = YES;
				GENERATE_INFOPLIST_FILE = YES;
				INFOPLIST_KEY_UIApplicationSceneManifest_Generation = YES;
				INFOPLIST_KEY_UIApplicationSupportsIndirectInputEvents = YES;
				INFOPLIST_KEY_UILaunchScreen_Generation = YES;
				INFOPLIST_KEY_UISupportedInterfaceOrientations_iPad = "UIInterfaceOrientationPortrait UIInterfaceOrientationPortraitUpsideDown UIInterfaceOrientationLandscapeLeft UIInterfaceOrientationLandscapeRight";
				INFOPLIST_KEY_UISupportedInterfaceOrientations_iPhone = "UIInterfaceOrientationPortrait UIInterfaceOrientationLandscapeLeft UIInterfaceOrientationLandscapeRight";
				LD_RUNPATH_SEARCH_PATHS = (
					"$(inherited)",
					"@executable_path/Frameworks",
				);
				MARKETING_VERSION = 1.0;
				PRODUCT_BUNDLE_IDENTIFIER = hss.ShoppingCalculator;
				PRODUCT_NAME = "$(TARGET_NAME)";
				SWIFT_EMIT_LOC_STRINGS = YES;
				SWIFT_VERSION = 5.0;
				TARGETED_DEVICE_FAMILY = "1,2";
			};
			name = Release;
		};
/* End XCBuildConfiguration section */

/* Begin XCConfigurationList section */
		2C38DF8D2B4C5D1300522885 /* Build configuration list for PBXProject "ShoppingCalculator" */ = {
			isa = XCConfigurationList;
			buildConfigurations = (
				2C38DF9E2B4C5D1500522885 /* Debug */,
				2C38DF9F2B4C5D1500522885 /* Release */,
			);
			defaultConfigurationIsVisible = 0;
			defaultConfigurationName = Release;
		};
		2C38DFA02B4C5D1500522885 /* Build configuration list for PBXNativeTarget "ShoppingCalculator" */ = {
			isa = XCConfigurationList;
			buildConfigurations = (
				2C38DFA12B4C5D1500522885 /* Debug */,
				2C38DFA22B4C5D1500522885 /* Release */,
			);
			defaultConfigurationIsVisible = 0;
			defaultConfigurationName = Release;
		};
/* End XCConfigurationList section */
	};
	rootObject = 2C38DF8A2B4C5D1300522885 /* Project object */;
}
